
Microsoft Visual Studio Solution File, Format Version 12.00
# Visual Studio Version 17
VisualStudioVersion = 17.3.32929.385
MinimumVisualStudioVersion = 10.0.40219.1
Project("{FAE04EC0-301F-11D3-BF4B-00C04F79EFBC}") = "AddressBook", "AddressBook.csproj", "{072AE62E-B200-41C1-AEF5-01EABAB9D45F}"
EndProject
Global
	GlobalSection(SolutionConfigurationPlatforms) = preSolution
		Debug|Any CPU = Debug|Any CPU
		Release|Any CPU = Release|Any CPU
	EndGlobalSection
	GlobalSection(ProjectConfigurationPlatforms) = postSolution
		{072AE62E-B200-41C1-AEF5-01EABAB9D45F}.Debug|Any CPU.ActiveCfg = Debug|Any CPU
		{072AE62E-B200-41C1-AEF5-01EABAB9D45F}.Debug|Any CPU.Build.0 = Debug|Any CPU
		{072AE62E-B200-41C1-AEF5-01EABAB9D45F}.Release|Any CPU.ActiveCfg = Release|Any CPU
		{072AE62E-B200-41C1-AEF5-01EABAB9D45F}.Release|Any CPU.Build.0 = Release|Any CPU
	EndGlobalSection
	GlobalSection(SolutionProperties) = preSolution
		HideSolutionNode = FALSE
	EndGlobalSection
	GlobalSection(ExtensibilityGlobals) = postSolution
		SolutionGuid = {6B25A96E-460E-4252-89C4-4D0592ED3B9F}
	EndGlobalSection
EndGlobal
